
Microsoft Visual Studio Solution File, Format Version 10.00
# Visual Studio 2008
Project("{EAF909A5-FA59-4C3D-9431-0FCC20D5BCF9}") = "Matrix Multiplication", "Matrix Multiplication\Matrix Multiplication.icproj", "{60E6F7E1-E016-49A8-9C9A-336374DE8C31}"
EndProject
Global
	GlobalSection(SolutionConfigurationPlatforms) = preSolution
		Debug|Win32 = Debug|Win32
		Release|Win32 = Release|Win32
	EndGlobalSection
	GlobalSection(ProjectConfigurationPlatforms) = postSolution
		{60E6F7E1-E016-49A8-9C9A-336374DE8C31}.Debug|Win32.ActiveCfg = Release|Win32
		{60E6F7E1-E016-49A8-9C9A-336374DE8C31}.Debug|Win32.Build.0 = Release|Win32
		{60E6F7E1-E016-49A8-9C9A-336374DE8C31}.Release|Win32.ActiveCfg = Release|Win32
		{60E6F7E1-E016-49A8-9C9A-336374DE8C31}.Release|Win32.Build.0 = Release|Win32
		{ED7EC53A-6B6B-4D90-A69A-B33BBB1A83F5}.Debug|Win32.ActiveCfg = Debug|Win32
		{ED7EC53A-6B6B-4D90-A69A-B33BBB1A83F5}.Debug|Win32.Build.0 = Debug|Win32
		{ED7EC53A-6B6B-4D90-A69A-B33BBB1A83F5}.Release|Win32.ActiveCfg = Release|Win32
		{ED7EC53A-6B6B-4D90-A69A-B33BBB1A83F5}.Release|Win32.Build.0 = Release|Win32
	EndGlobalSection
	GlobalSection(SolutionProperties) = preSolution
		HideSolutionNode = FALSE
	EndGlobalSection
EndGlobal
